// !$*UTF8*$!
{
	archiveVersion = 1;
	classes = {
	};
	objectVersion = 46;
	objects = {

/* Begin PBXBuildFile section */
		4FB6459444757F279FAD37BA /* libPods-Prueba.a in Frameworks */ = {isa = PBXBuildFile; fileRef = 5E40D49C086AC46A73FCDFF4 /* libPods-Prueba.a */; };
		551D04801D086DAE00D17680 /* main.m in Sources */ = {isa = PBXBuildFile; fileRef = 551D047F1D086DAE00D17680 /* main.m */; };
		551D04831D086DAE00D17680 /* AppDelegate.m in Sources */ = {isa = PBXBuildFile; fileRef = 551D04821D086DAE00D17680 /* AppDelegate.m */; };
		551D04861D086DAE00D17680 /* ViewController.m in Sources */ = {isa = PBXBuildFile; fileRef = 551D04851D086DAE00D17680 /* ViewController.m */; };
		551D04891D086DAE00D17680 /* Main.storyboard in Resources */ = {isa = PBXBuildFile; fileRef = 551D04871D086DAE00D17680 /* Main.storyboard */; };
		551D048B1D086DAE00D17680 /* Assets.xcassets in Resources */ = {isa = PBXBuildFile; fileRef = 551D048A1D086DAE00D17680 /* Assets.xcassets */; };
		551D048E1D086DAE00D17680 /* LaunchScreen.storyboard in Resources */ = {isa = PBXBuildFile; fileRef = 551D048C1D086DAE00D17680 /* LaunchScreen.storyboard */; };
		551D04991D086DAE00D17680 /* PruebaTests.m in Sources */ = {isa = PBXBuildFile; fileRef = 551D04981D086DAE00D17680 /* PruebaTests.m */; };
		551D04A41D086DAE00D17680 /* PruebaUITests.m in Sources */ = {isa = PBXBuildFile; fileRef = 551D04A31D086DAE00D17680 /* PruebaUITests.m */; };
/* End PBXBuildFile section */

/* Begin PBXContainerItemProxy section */
		551D04951D086DAE00D17680 /* PBXContainerItemProxy */ = {
			isa = PBXContainerItemProxy;
			containerPortal = 551D04731D086DAE00D17680 /* Project object */;
			proxyType = 1;
			remoteGlobalIDString = 551D047A1D086DAE00D17680;
			remoteInfo = Prueba;
		};
		551D04A01D086DAE00D17680 /* PBXContainerItemProxy */ = {
			isa = PBXContainerItemProxy;
			containerPortal = 551D04731D086DAE00D17680 /* Project object */;
			proxyType = 1;
			remoteGlobalIDString = 551D047A1D086DAE00D17680;
			remoteInfo = Prueba;
		};
/* End PBXContainerItemProxy section */

/* Begin PBXFileReference section */
		1B59945087C02ABB9AFE46C2 /* Pods-Prueba.release.xcconfig */ = {isa = PBXFileReference; includeInIndex = 1; lastKnownFileType = text.xcconfig; name = "Pods-Prueba.release.xcconfig"; path = "Pods/Target Support Files/Pods-Prueba/Pods-Prueba.release.xcconfig"; sourceTree = "<group>"; };
		479B2151096B7B9298B33079 /* Pods-Prueba.debug.xcconfig */ = {isa = PBXFileReference; includeInIndex = 1; lastKnownFileType = text.xcconfig; name = "Pods-Prueba.debug.xcconfig"; path = "Pods/Target Support Files/Pods-Prueba/Pods-Prueba.debug.xcconfig"; sourceTree = "<group>"; };
		551D047B1D086DAE00D17680 /* Prueba.app */ = {isa = PBXFileReference; explicitFileType = wrapper.application; includeInIndex = 0; path = Prueba.app; sourceTree = BUILT_PRODUCTS_DIR; };
		551D047F1D086DAE00D17680 /* main.m */ = {isa = PBXFileReference; lastKnownFileType = sourcecode.c.objc; path = main.m; sourceTree = "<group>"; };
		551D04811D086DAE00D17680 /* AppDelegate.h */ = {isa = PBXFileReference; lastKnownFileType = sourcecode.c.h; path = AppDelegate.h; sourceTree = "<group>"; };
		551D04821D086DAE00D17680 /* AppDelegate.m */ = {isa = PBXFileReference; lastKnownFileType = sourcecode.c.objc; path = AppDelegate.m; sourceTree = "<group>"; };
		551D04841D086DAE00D17680 /* ViewController.h */ = {isa = PBXFileReference; lastKnownFileType = sourcecode.c.h; path = ViewController.h; sourceTree = "<group>"; };
		551D04851D086DAE00D17680 /* ViewController.m */ = {isa = PBXFileReference; lastKnownFileType = sourcecode.c.objc; path = ViewController.m; sourceTree = "<group>"; };
		551D04881D086DAE00D17680 /* Base */ = {isa = PBXFileReference; lastKnownFileType = file.storyboard; name = Base; path = Base.lproj/Main.storyboard; sourceTree = "<group>"; };
		551D048A1D086DAE00D17680 /* Assets.xcassets */ = {isa = PBXFileReference; lastKnownFileType = folder.assetcatalog; path = Assets.xcassets; sourceTree = "<group>"; };
		551D048D1D086DAE00D17680 /* Base */ = {isa = PBXFileReference; lastKnownFileType = file.storyboard; name = Base; path = Base.lproj/LaunchScreen.storyboard; sourceTree = "<group>"; };
		551D048F1D086DAE00D17680 /* Info.plist */ = {isa = PBXFileReference; lastKnownFileType = text.plist.xml; path = Info.plist; sourceTree = "<group>"; };
		551D04941D086DAE00D17680 /* PruebaTests.xctest */ = {isa = PBXFileReference; explicitFileType = wrapper.cfbundle; includeInIndex = 0; path = PruebaTests.xctest; sourceTree = BUILT_PRODUCTS_DIR; };
		551D04981D086DAE00D17680 /* PruebaTests.m */ = {isa = PBXFileReference; lastKnownFileType = sourcecode.c.objc; path = PruebaTests.m; sourceTree = "<group>"; };
		551D049A1D086DAE00D17680 /* Info.plist */ = {isa = PBXFileReference; lastKnownFileType = text.plist.xml; path = Info.plist; sourceTree = "<group>"; };
		551D049F1D086DAE00D17680 /* PruebaUITests.xctest */ = {isa = PBXFileReference; explicitFileType = wrapper.cfbundle; includeInIndex = 0; path = PruebaUITests.xctest; sourceTree = BUILT_PRODUCTS_DIR; };
		551D04A31D086DAE00D17680 /* PruebaUITests.m */ = {isa = PBXFileReference; lastKnownFileType = sourcecode.c.objc; path = PruebaUITests.m; sourceTree = "<group>"; };
		551D04A51D086DAE00D17680 /* Info.plist */ = {isa = PBXFileReference; lastKnownFileType = text.plist.xml; path = Info.plist; sourceTree = "<group>"; };
		5E40D49C086AC46A73FCDFF4 /* libPods-Prueba.a */ = {isa = PBXFileReference; explicitFileType = archive.ar; includeInIndex = 0; path = "libPods-Prueba.a"; sourceTree = BUILT_PRODUCTS_DIR; };
/* End PBXFileReference section */

/* Begin PBXFrameworksBuildPhase section */
		551D04781D086DAE00D17680 /* Frameworks */ = {
			isa = PBXFrameworksBuildPhase;
			buildActionMask = 2147483647;
			files = (
				4FB6459444757F279FAD37BA /* libPods-Prueba.a in Frameworks */,
			);
			runOnlyForDeploymentPostprocessing = 0;
		};
		551D04911D086DAE00D17680 /* Frameworks */ = {
			isa = PBXFrameworksBuildPhase;
			buildActionMask = 2147483647;
			files = (
			);
			runOnlyForDeploymentPostprocessing = 0;
		};
		551D049C1D086DAE00D17680 /* Frameworks */ = {
			isa = PBXFrameworksBuildPhase;
			buildActionMask = 2147483647;
			files = (
			);
			runOnlyForDeploymentPostprocessing = 0;
		};
/* End PBXFrameworksBuildPhase section */

/* Begin PBXGroup section */
		10D7230EE260C5C742F92914 /* Frameworks */ = {
			isa = PBXGroup;
			children = (
				5E40D49C086AC46A73FCDFF4 /* libPods-Prueba.a */,
			);
			name = Frameworks;
			sourceTree = "<group>";
		};
		551D04721D086DAE00D17680 = {
			isa = PBXGroup;
			children = (
				551D047D1D086DAE00D17680 /* Prueba */,
				551D04971D086DAE00D17680 /* PruebaTests */,
				551D04A21D086DAE00D17680 /* PruebaUITests */,
				551D047C1D086DAE00D17680 /* Products */,
				6CCBBCEDBD7E708BE17CD6A1 /* Pods */,
				10D7230EE260C5C742F92914 /* Frameworks */,
			);
			sourceTree = "<group>";
		};
		551D047C1D086DAE00D17680 /* Products */ = {
			isa = PBXGroup;
			children = (
				551D047B1D086DAE00D17680 /* Prueba.app */,
				551D04941D086DAE00D17680 /* PruebaTests.xctest */,
				551D049F1D086DAE00D17680 /* PruebaUITests.xctest */,
			);
			name = Products;
			sourceTree = "<group>";
		};
		551D047D1D086DAE00D17680 /* Prueba */ = {
			isa = PBXGroup;
			children = (
				551D04811D086DAE00D17680 /* AppDelegate.h */,
				551D04821D086DAE00D17680 /* AppDelegate.m */,
				551D04841D086DAE00D17680 /* ViewController.h */,
				551D04851D086DAE00D17680 /* ViewController.m */,
				551D04871D086DAE00D17680 /* Main.storyboard */,
				551D048A1D086DAE00D17680 /* Assets.xcassets */,
				551D048C1D086DAE00D17680 /* LaunchScreen.storyboard */,
				551D048F1D086DAE00D17680 /* Info.plist */,
				551D047E1D086DAE00D17680 /* Supporting Files */,
			);
			path = Prueba;
			sourceTree = "<group>";
		};
		551D047E1D086DAE00D17680 /* Supporting Files */ = {
			isa = PBXGroup;
			children = (
				551D047F1D086DAE00D17680 /* main.m */,
			);
			name = "Supporting Files";
			sourceTree = "<group>";
		};
		551D04971D086DAE00D17680 /* PruebaTests */ = {
			isa = PBXGroup;
			children = (
				551D04981D086DAE00D17680 /* PruebaTests.m */,
				551D049A1D086DAE00D17680 /* Info.plist */,
			);
			path = PruebaTests;
			sourceTree = "<group>";
		};
		551D04A21D086DAE00D17680 /* PruebaUITests */ = {
			isa = PBXGroup;
			children = (
				551D04A31D086DAE00D17680 /* PruebaUITests.m */,
				551D04A51D086DAE00D17680 /* Info.plist */,
			);
			path = PruebaUITests;
			sourceTree = "<group>";
		};
		6CCBBCEDBD7E708BE17CD6A1 /* Pods */ = {
			isa = PBXGroup;
			children = (
				479B2151096B7B9298B33079 /* Pods-Prueba.debug.xcconfig */,
				1B59945087C02ABB9AFE46C2 /* Pods-Prueba.release.xcconfig */,
			);
			name = Pods;
			sourceTree = "<group>";
		};
/* End PBXGroup section */

/* Begin PBXNativeTarget section */
		551D047A1D086DAE00D17680 /* Prueba */ = {
			isa = PBXNativeTarget;
			buildConfigurationList = 551D04A81D086DAE00D17680 /* Build configuration list for PBXNativeTarget "Prueba" */;
			buildPhases = (
				7FD6C78850E8FECB1D1F23E5 /* [CP] Check Pods Manifest.lock */,
				551D04771D086DAE00D17680 /* Sources */,
				551D04781D086DAE00D17680 /* Frameworks */,
				551D04791D086DAE00D17680 /* Resources */,
				603BCF121F6D3A08097C6BC4 /* [CP] Embed Pods Frameworks */,
				C2FF2686DFC1CDC42E5657E7 /* [CP] Copy Pods Resources */,
			);
			buildRules = (
			);
			dependencies = (
			);
			name = Prueba;
			productName = Prueba;
			productReference = 551D047B1D086DAE00D17680 /* Prueba.app */;
			productType = "com.apple.product-type.application";
		};
		551D04931D086DAE00D17680 /* PruebaTests */ = {
			isa = PBXNativeTarget;
			buildConfigurationList = 551D04AB1D086DAE00D17680 /* Build configuration list for PBXNativeTarget "PruebaTests" */;
			buildPhases = (
				551D04901D086DAE00D17680 /* Sources */,
				551D04911D086DAE00D17680 /* Frameworks */,
				551D04921D086DAE00D17680 /* Resources */,
			);
			buildRules = (
			);
			dependencies = (
				551D04961D086DAE00D17680 /* PBXTargetDependency */,
			);
			name = PruebaTests;
			productName = PruebaTests;
			productReference = 551D04941D086DAE00D17680 /* PruebaTests.xctest */;
			productType = "com.apple.product-type.bundle.unit-test";
		};
		551D049E1D086DAE00D17680 /* PruebaUITests */ = {
			isa = PBXNativeTarget;
			buildConfigurationList = 551D04AE1D086DAE00D17680 /* Build configuration list for PBXNativeTarget "PruebaUITests" */;
			buildPhases = (
				551D049B1D086DAE00D17680 /* Sources */,
				551D049C1D086DAE00D17680 /* Frameworks */,
				551D049D1D086DAE00D17680 /* Resources */,
			);
			buildRules = (
			);
			dependencies = (
				551D04A11D086DAE00D17680 /* PBXTargetDependency */,
			);
			name = PruebaUITests;
			productName = PruebaUITests;
			productReference = 551D049F1D086DAE00D17680 /* PruebaUITests.xctest */;
			productType = "com.apple.product-type.bundle.ui-testing";
		};
/* End PBXNativeTarget section */

/* Begin PBXProject section */
		551D04731D086DAE00D17680 /* Project object */ = {
			isa = PBXProject;
			attributes = {
				LastUpgradeCheck = 0730;
				ORGANIZATIONNAME = Oscar;
				TargetAttributes = {
					551D047A1D086DAE00D17680 = {
						CreatedOnToolsVersion = 7.3.1;
					};
					551D04931D086DAE00D17680 = {
						CreatedOnToolsVersion = 7.3.1;
						TestTargetID = 551D047A1D086DAE00D17680;
					};
					551D049E1D086DAE00D17680 = {
						CreatedOnToolsVersion = 7.3.1;
						TestTargetID = 551D047A1D086DAE00D17680;
					};
				};
			};
			buildConfigurationList = 551D04761D086DAE00D17680 /* Build configuration list for PBXProject "Prueba" */;
			compatibilityVersion = "Xcode 3.2";
			developmentRegion = English;
			hasScannedForEncodings = 0;
			knownRegions = (
				en,
				Base,
			);
			mainGroup = 551D04721D086DAE00D17680;
			productRefGroup = 551D047C1D086DAE00D17680 /* Products */;
			projectDirPath = "";
			projectRoot = "";
			targets = (
				551D047A1D086DAE00D17680 /* Prueba */,
				551D04931D086DAE00D17680 /* PruebaTests */,
				551D049E1D086DAE00D17680 /* PruebaUITests */,
			);
		};
/* End PBXProject section */

/* Begin PBXResourcesBuildPhase section */
		551D04791D086DAE00D17680 /* Resources */ = {
			isa = PBXResourcesBuildPhase;
			buildActionMask = 2147483647;
			files = (
				551D048E1D086DAE00D17680 /* LaunchScreen.storyboard in Resources */,
				551D048B1D086DAE00D17680 /* Assets.xcassets in Resources */,
				551D04891D086DAE00D17680 /* Main.storyboard in Resources */,
			);
			runOnlyForDeploymentPostprocessing = 0;
		};
		551D04921D086DAE00D17680 /* Resources */ = {
			isa = PBXResourcesBuildPhase;
			buildActionMask = 2147483647;
			files = (
			);
			runOnlyForDeploymentPostprocessing = 0;
		};
		551D049D1D086DAE00D17680 /* Resources */ = {
			isa = PBXResourcesBuildPhase;
			buildActionMask = 2147483647;
			files = (
			);
			runOnlyForDeploymentPostprocessing = 0;
		};
/* End PBXResourcesBuildPhase section */

/* Begin PBXShellScriptBuildPhase section */
		603BCF121F6D3A08097C6BC4 /* [CP] Embed Pods Frameworks */ = {
			isa = PBXShellScriptBuildPhase;
			buildActionMask = 2147483647;
			files = (
			);
			inputPaths = (
			);
			name = "[CP] Embed Pods Frameworks";
			outputPaths = (
			);
			runOnlyForDeploymentPostprocessing = 0;
			shellPath = /bin/sh;
			shellScript = "\"${SRCROOT}/Pods/Target Support Files/Pods-Prueba/Pods-Prueba-frameworks.sh\"\n";
			showEnvVarsInLog = 0;
		};
		7FD6C78850E8FECB1D1F23E5 /* [CP] Check Pods Manifest.lock */ = {
			isa = PBXShellScriptBuildPhase;
			buildActionMask = 2147483647;
			files = (
			);
			inputPaths = (
			);
			name = "[CP] Check Pods Manifest.lock";
			outputPaths = (
			);
			runOnlyForDeploymentPostprocessing = 0;
			shellPath = /bin/sh;
			shellScript = "diff \"${PODS_ROOT}/../Podfile.lock\" \"${PODS_ROOT}/Manifest.lock\" > /dev/null\nif [[ $? != 0 ]] ; then\n    cat << EOM\nerror: The sandbox is not in sync with the Podfile.lock. Run 'pod install' or update your CocoaPods installation.\nEOM\n    exit 1\nfi\n";
			showEnvVarsInLog = 0;
		};
		C2FF2686DFC1CDC42E5657E7 /* [CP] Copy Pods Resources */ = {
			isa = PBXShellScriptBuildPhase;
			buildActionMask = 2147483647;
			files = (
			);
			inputPaths = (
			);
			name = "[CP] Copy Pods Resources";
			outputPaths = (
			);
			runOnlyForDeploymentPostprocessing = 0;
			shellPath = /bin/sh;
			shellScript = "\"${SRCROOT}/Pods/Target Support Files/Pods-Prueba/Pods-Prueba-resources.sh\"\n";
			showEnvVarsInLog = 0;
		};
/* End PBXShellScriptBuildPhase section */

/* Begin PBXSourcesBuildPhase section */
		551D04771D086DAE00D17680 /* Sources */ = {
			isa = PBXSourcesBuildPhase;
			buildActionMask = 2147483647;
			files = (
				551D04861D086DAE00D17680 /* ViewController.m in Sources */,
				551D04831D086DAE00D17680 /* AppDelegate.m in Sources */,
				551D04801D086DAE00D17680 /* main.m in Sources */,
			);
			runOnlyForDeploymentPostprocessing = 0;
		};
		551D04901D086DAE00D17680 /* Sources */ = {
			isa = PBXSourcesBuildPhase;
			buildActionMask = 2147483647;
			files = (
				551D04991D086DAE00D17680 /* PruebaTests.m in Sources */,
			);
			runOnlyForDeploymentPostprocessing = 0;
		};
		551D049B1D086DAE00D17680 /* Sources */ = {
			isa = PBXSourcesBuildPhase;
			buildActionMask = 2147483647;
			files = (
				551D04A41D086DAE00D17680 /* PruebaUITests.m in Sources */,
			);
			runOnlyForDeploymentPostprocessing = 0;
		};
/* End PBXSourcesBuildPhase section */

/* Begin PBXTargetDependency section */
		551D04961D086DAE00D17680 /* PBXTargetDependency */ = {
			isa = PBXTargetDependency;
			target = 551D047A1D086DAE00D17680 /* Prueba */;
			targetProxy = 551D04951D086DAE00D17680 /* PBXContainerItemProxy */;
		};
		551D04A11D086DAE00D17680 /* PBXTargetDependency */ = {
			isa = PBXTargetDependency;
			target = 551D047A1D086DAE00D17680 /* Prueba */;
			targetProxy = 551D04A01D086DAE00D17680 /* PBXContainerItemProxy */;
		};
/* End PBXTargetDependency section */

/* Begin PBXVariantGroup section */
		551D04871D086DAE00D17680 /* Main.storyboard */ = {
			isa = PBXVariantGroup;
			children = (
				551D04881D086DAE00D17680 /* Base */,
			);
			name = Main.storyboard;
			sourceTree = "<group>";
		};
		551D048C1D086DAE00D17680 /* LaunchScreen.storyboard */ = {
			isa = PBXVariantGroup;
			children = (
				551D048D1D086DAE00D17680 /* Base */,
			);
			name = LaunchScreen.storyboard;
			sourceTree = "<group>";
		};
/* End PBXVariantGroup section */

/* Begin XCBuildConfiguration section */
		551D04A61D086DAE00D17680 /* Debug */ = {
			isa = XCBuildConfiguration;
			buildSettings = {
				ALWAYS_SEARCH_USER_PATHS = NO;
				CLANG_ANALYZER_NONNULL = YES;
				CLANG_CXX_LANGUAGE_STANDARD = "gnu++0x";
				CLANG_CXX_LIBRARY = "libc++";
				CLANG_ENABLE_MODULES = YES;
				CLANG_ENABLE_OBJC_ARC = YES;
				CLANG_WARN_BOOL_CONVERSION = YES;
				CLANG_WARN_CONSTANT_CONVERSION = YES;
				CLANG_WARN_DIRECT_OBJC_ISA_USAGE = YES_ERROR;
				CLANG_WARN_EMPTY_BODY = YES;
				CLANG_WARN_ENUM_CONVERSION = YES;
				CLANG_WARN_INT_CONVERSION = YES;
				CLANG_WARN_OBJC_ROOT_CLASS = YES_ERROR;
				CLANG_WARN_UNREACHABLE_CODE = YES;
				CLANG_WARN__DUPLICATE_METHOD_MATCH = YES;
				"CODE_SIGN_IDENTITY[sdk=iphoneos*]" = "iPhone Developer";
				COPY_PHASE_STRIP = NO;
				DEBUG_INFORMATION_FORMAT = dwarf;
				ENABLE_STRICT_OBJC_MSGSEND = YES;
				ENABLE_TESTABILITY = YES;
				GCC_C_LANGUAGE_STANDARD = gnu99;
				GCC_DYNAMIC_NO_PIC = NO;
				GCC_NO_COMMON_BLOCKS = YES;
				GCC_OPTIMIZATION_LEVEL = 0;
				GCC_PREPROCESSOR_DEFINITIONS = (
					"DEBUG=1",
					"$(inherited)",
				);
				GCC_WARN_64_TO_32_BIT_CONVERSION = YES;
				GCC_WARN_ABOUT_RETURN_TYPE = YES_ERROR;
				GCC_WARN_UNDECLARED_SELECTOR = YES;
				GCC_WARN_UNINITIALIZED_AUTOS = YES_AGGRESSIVE;
				GCC_WARN_UNUSED_FUNCTION = YES;
				GCC_WARN_UNUSED_VARIABLE = YES;
				IPHONEOS_DEPLOYMENT_TARGET = 9.3;
				MTL_ENABLE_DEBUG_INFO = YES;
				ONLY_ACTIVE_ARCH = YES;
				SDKROOT = iphoneos;
			};
			name = Debug;
		};
		551D04A71D086DAE00D17680 /* Release */ = {
			isa = XCBuildConfiguration;
			buildSettings = {
				ALWAYS_SEARCH_USER_PATHS = NO;
				CLANG_ANALYZER_NONNULL = YES;
				CLANG_CXX_LANGUAGE_STANDARD = "gnu++0x";
				CLANG_CXX_LIBRARY = "libc++";
				CLANG_ENABLE_MODULES = YES;
				CLANG_ENABLE_OBJC_ARC = YES;
				CLANG_WARN_BOOL_CONVERSION = YES;
				CLANG_WARN_CONSTANT_CONVERSION = YES;
				CLANG_WARN_DIRECT_OBJC_ISA_USAGE = YES_ERROR;
				CLANG_WARN_EMPTY_BODY = YES;
				CLANG_WARN_ENUM_CONVERSION = YES;
				CLANG_WARN_INT_CONVERSION = YES;
				CLANG_WARN_OBJC_ROOT_CLASS = YES_ERROR;
				CLANG_WARN_UNREACHABLE_CODE = YES;
				CLANG_WARN__DUPLICATE_METHOD_MATCH = YES;
				"CODE_SIGN_IDENTITY[sdk=iphoneos*]" = "iPhone Developer";
				COPY_PHASE_STRIP = NO;
				DEBUG_INFORMATION_FORMAT = "dwarf-with-dsym";
				ENABLE_NS_ASSERTIONS = NO;
				ENABLE_STRICT_OBJC_MSGSEND = YES;
				GCC_C_LANGUAGE_STANDARD = gnu99;
				GCC_NO_COMMON_BLOCKS = YES;
				GCC_WARN_64_TO_32_BIT_CONVERSION = YES;
				GCC_WARN_ABOUT_RETURN_TYPE = YES_ERROR;
				GCC_WARN_UNDECLARED_SELECTOR = YES;
				GCC_WARN_UNINITIALIZED_AUTOS = YES_AGGRESSIVE;
				GCC_WARN_UNUSED_FUNCTION = YES;
				GCC_WARN_UNUSED_VARIABLE = YES;
				IPHONEOS_DEPLOYMENT_TARGET = 9.3;
				MTL_ENABLE_DEBUG_INFO = NO;
				SDKROOT = iphoneos;
				VALIDATE_PRODUCT = YES;
			};
			name = Release;
		};
		551D04A91D086DAE00D17680 /* Debug */ = {
			isa = XCBuildConfiguration;
			baseConfigurationReference = 479B2151096B7B9298B33079 /* Pods-Prueba.debug.xcconfig */;
			buildSettings = {
				ASSETCATALOG_COMPILER_APPICON_NAME = AppIcon;
				INFOPLIST_FILE = Prueba/Info.plist;
				LD_RUNPATH_SEARCH_PATHS = "$(inherited) @executable_path/Frameworks";
				PRODUCT_BUNDLE_IDENTIFIER = Oscar.Prueba;
				PRODUCT_NAME = "$(TARGET_NAME)";
			};
			name = Debug;
		};
		551D04AA1D086DAE00D17680 /* Release */ = {
			isa = XCBuildConfiguration;
			baseConfigurationReference = 1B59945087C02ABB9AFE46C2 /* Pods-Prueba.release.xcconfig */;
			buildSettings = {
				ASSETCATALOG_COMPILER_APPICON_NAME = AppIcon;
				INFOPLIST_FILE = Prueba/Info.plist;
				LD_RUNPATH_SEARCH_PATHS = "$(inherited) @executable_path/Frameworks";
				PRODUCT_BUNDLE_IDENTIFIER = Oscar.Prueba;
				PRODUCT_NAME = "$(TARGET_NAME)";
			};
			name = Release;
		};
		551D04AC1D086DAE00D17680 /* Debug */ = {
			isa = XCBuildConfiguration;
			buildSettings = {
				BUNDLE_LOADER = "$(TEST_HOST)";
				INFOPLIST_FILE = PruebaTests/Info.plist;
				LD_RUNPATH_SEARCH_PATHS = "$(inherited) @executable_path/Frameworks @loader_path/Frameworks";
				PRODUCT_BUNDLE_IDENTIFIER = Oscar.PruebaTests;
				PRODUCT_NAME = "$(TARGET_NAME)";
				TEST_HOST = "$(BUILT_PRODUCTS_DIR)/Prueba.app/Prueba";
			};
			name = Debug;
		};
		551D04AD1D086DAE00D17680 /* Release */ = {
			isa = XCBuildConfiguration;
			buildSettings = {
				BUNDLE_LOADER = "$(TEST_HOST)";
				INFOPLIST_FILE = PruebaTests/Info.plist;
				LD_RUNPATH_SEARCH_PATHS = "$(inherited) @executable_path/Frameworks @loader_path/Frameworks";
				PRODUCT_BUNDLE_IDENTIFIER = Oscar.PruebaTests;
				PRODUCT_NAME = "$(TARGET_NAME)";
				TEST_HOST = "$(BUILT_PRODUCTS_DIR)/Prueba.app/Prueba";
			};
			name = Release;
		};
		551D04AF1D086DAE00D17680 /* Debug */ = {
			isa = XCBuildConfiguration;
			buildSettings = {
				INFOPLIST_FILE = PruebaUITests/Info.plist;
				LD_RUNPATH_SEARCH_PATHS = "$(inherited) @executable_path/Frameworks @loader_path/Frameworks";
				PRODUCT_BUNDLE_IDENTIFIER = Oscar.PruebaUITests;
				PRODUCT_NAME = "$(TARGET_NAME)";
				TEST_TARGET_NAME = Prueba;
			};
			name = Debug;
		};
		551D04B01D086DAE00D17680 /* Release */ = {
			isa = XCBuildConfiguration;
			buildSettings = {
				INFOPLIST_FILE = PruebaUITests/Info.plist;
				LD_RUNPATH_SEARCH_PATHS = "$(inherited) @executable_path/Frameworks @loader_path/Frameworks";
				PRODUCT_BUNDLE_IDENTIFIER = Oscar.PruebaUITests;
				PRODUCT_NAME = "$(TARGET_NAME)";
				TEST_TARGET_NAME = Prueba;
			};
			name = Release;
		};
/* End XCBuildConfiguration section */

/* Begin XCConfigurationList section */
		551D04761D086DAE00D17680 /* Build configuration list for PBXProject "Prueba" */ = {
			isa = XCConfigurationList;
			buildConfigurations = (
				551D04A61D086DAE00D17680 /* Debug */,
				551D04A71D086DAE00D17680 /* Release */,
			);
			defaultConfigurationIsVisible = 0;
			defaultConfigurationName = Release;
		};
		551D04A81D086DAE00D17680 /* Build configuration list for PBXNativeTarget "Prueba" */ = {
			isa = XCConfigurationList;
			buildConfigurations = (
				551D04A91D086DAE00D17680 /* Debug */,
				551D04AA1D086DAE00D17680 /* Release */,
			);
			defaultConfigurationIsVisible = 0;
			defaultConfigurationName = Release;
		};
		551D04AB1D086DAE00D17680 /* Build configuration list for PBXNativeTarget "PruebaTests" */ = {
			isa = XCConfigurationList;
			buildConfigurations = (
				551D04AC1D086DAE00D17680 /* Debug */,
				551D04AD1D086DAE00D17680 /* Release */,
			);
			defaultConfigurationIsVisible = 0;
			defaultConfigurationName = Release;
		};
		551D04AE1D086DAE00D17680 /* Build configuration list for PBXNativeTarget "PruebaUITests" */ = {
			isa = XCConfigurationList;
			buildConfigurations = (
				551D04AF1D086DAE00D17680 /* Debug */,
				551D04B01D086DAE00D17680 /* Release */,
			);
			defaultConfigurationIsVisible = 0;
			defaultConfigurationName = Release;
		};
/* End XCConfigurationList section */
	};
	rootObject = 551D04731D086DAE00D17680 /* Project object */;
}
